
Microsoft Visual Studio Solution File, Format Version 12.00
# Visual Studio Version 17
VisualStudioVersion = 17.10.35122.118
MinimumVisualStudioVersion = 10.0.40219.1
Project("{2150E333-8FDC-42A3-9474-1A3956D46DE8}") = "Services", "Services", "{F6380559-B916-43A5-A447-AF9EFD7EE38F}"
EndProject
Project("{2150E333-8FDC-42A3-9474-1A3956D46DE8}") = "Catalog", "Catalog", "{D683FB4F-0B8D-4D5A-9E03-03196B3E53F1}"
EndProject
Project("{9A19103F-16F7-4668-BE54-9A1E7A4F7556}") = "Catalog.API", "Services\Catalog\Catalog.API\Catalog.API.csproj", "{B6492D4A-3EF5-48A9-873D-B079BBEB7789}"
EndProject
Project("{2150E333-8FDC-42A3-9474-1A3956D46DE8}") = "BuildingBlocks", "BuildingBlocks", "{D9D23D23-8045-4872-A087-3A57702D077D}"
EndProject
Project("{9A19103F-16F7-4668-BE54-9A1E7A4F7556}") = "BuildingBlocks", "BuildingBlocks\BuildingBlocks\BuildingBlocks.csproj", "{F98BFDC3-F937-4A42-B01B-9C74DD4C3CE4}"
EndProject
Project("{E53339B2-1760-4266-BCC7-CA923CBCF16C}") = "docker-compose", "docker-compose.dcproj", "{EAAC7514-8EDC-4163-A4EE-9333A56C6133}"
EndProject
Project("{2150E333-8FDC-42A3-9474-1A3956D46DE8}") = "Basket", "Basket", "{DF52B4BD-43FD-444C-B011-5DFF7EFC495B}"
EndProject
Project("{9A19103F-16F7-4668-BE54-9A1E7A4F7556}") = "Basket.API", "Services\Basket\Basket.API\Basket.API.csproj", "{1E14E11A-2C98-4CFF-B996-11DDB339E995}"
EndProject
Project("{2150E333-8FDC-42A3-9474-1A3956D46DE8}") = "Discount", "Discount", "{C7B7E549-9522-405E-B34C-04FBBA812ED2}"
EndProject
Project("{9A19103F-16F7-4668-BE54-9A1E7A4F7556}") = "Discount.Grpc", "Services\Discount\Discount.Grpc\Discount.Grpc.csproj", "{08EAB399-19B7-45B6-9333-B734AB582639}"
EndProject
Project("{2150E333-8FDC-42A3-9474-1A3956D46DE8}") = "Ordering", "Ordering", "{1648365F-BEE0-4BA8-9A2B-F2DD15ACBE66}"
EndProject
Project("{9A19103F-16F7-4668-BE54-9A1E7A4F7556}") = "Ordering.API", "Services\Ordering\Ordering.API\Ordering.API.csproj", "{AB6C6AAE-BF61-4644-8234-7F29423F5DDE}"
EndProject
Project("{9A19103F-16F7-4668-BE54-9A1E7A4F7556}") = "Ordering.Domain", "Services\Ordering\Ordering.Domain\Ordering.Domain.csproj", "{9B74DB03-89CC-43F8-82FA-29D906BEBBEB}"
EndProject
Project("{9A19103F-16F7-4668-BE54-9A1E7A4F7556}") = "Ordering.Application", "Services\Ordering\Ordering.Application\Ordering.Application.csproj", "{1151AA48-12E7-4428-AAD4-06EBF2E48BB7}"
EndProject
Project("{9A19103F-16F7-4668-BE54-9A1E7A4F7556}") = "Ordering.Infrastructure", "Services\Ordering\Ordering.Infrastructure\Ordering.Infrastructure.csproj", "{4334AF99-0F1F-4789-BC6E-7B8DBE081E3C}"
EndProject
Project("{9A19103F-16F7-4668-BE54-9A1E7A4F7556}") = "BuildingBlocks.Messaging", "BuildingBlocks\BuildingBlocks.Messaging\BuildingBlocks.Messaging.csproj", "{61B2377A-3DDA-405D-B19D-C2C78E9498F6}"
EndProject
Project("{2150E333-8FDC-42A3-9474-1A3956D46DE8}") = "ApiGateways", "ApiGateways", "{72A4087A-7956-411C-B0F2-50F8D61ED796}"
EndProject
Project("{9A19103F-16F7-4668-BE54-9A1E7A4F7556}") = "YarpApiGateway", "ApiGateways\YarpApiGateway\YarpApiGateway.csproj", "{CDD29551-622A-4734-BC74-2E501589D7F2}"
EndProject
Project("{2150E333-8FDC-42A3-9474-1A3956D46DE8}") = "WebApps", "WebApps", "{CE2F037A-AFE2-4F41-9958-B0C0ECC18F6C}"
EndProject
Project("{9A19103F-16F7-4668-BE54-9A1E7A4F7556}") = "Shopping.Web", "WebApps\Shopping.Web\Shopping.Web.csproj", "{06813D08-0318-498D-83C6-1BBE53EB4AC8}"
EndProject
Global
	GlobalSection(SolutionConfigurationPlatforms) = preSolution
		Debug|Any CPU = Debug|Any CPU
		Release|Any CPU = Release|Any CPU
	EndGlobalSection
	GlobalSection(ProjectConfigurationPlatforms) = postSolution
		{B6492D4A-3EF5-48A9-873D-B079BBEB7789}.Debug|Any CPU.ActiveCfg = Debug|Any CPU
		{B6492D4A-3EF5-48A9-873D-B079BBEB7789}.Debug|Any CPU.Build.0 = Debug|Any CPU
		{B6492D4A-3EF5-48A9-873D-B079BBEB7789}.Release|Any CPU.ActiveCfg = Release|Any CPU
		{B6492D4A-3EF5-48A9-873D-B079BBEB7789}.Release|Any CPU.Build.0 = Release|Any CPU
		{F98BFDC3-F937-4A42-B01B-9C74DD4C3CE4}.Debug|Any CPU.ActiveCfg = Debug|Any CPU
		{F98BFDC3-F937-4A42-B01B-9C74DD4C3CE4}.Debug|Any CPU.Build.0 = Debug|Any CPU
		{F98BFDC3-F937-4A42-B01B-9C74DD4C3CE4}.Release|Any CPU.ActiveCfg = Release|Any CPU
		{F98BFDC3-F937-4A42-B01B-9C74DD4C3CE4}.Release|Any CPU.Build.0 = Release|Any CPU
		{EAAC7514-8EDC-4163-A4EE-9333A56C6133}.Debug|Any CPU.ActiveCfg = Debug|Any CPU
		{EAAC7514-8EDC-4163-A4EE-9333A56C6133}.Debug|Any CPU.Build.0 = Debug|Any CPU
		{EAAC7514-8EDC-4163-A4EE-9333A56C6133}.Release|Any CPU.ActiveCfg = Release|Any CPU
		{EAAC7514-8EDC-4163-A4EE-9333A56C6133}.Release|Any CPU.Build.0 = Release|Any CPU
		{1E14E11A-2C98-4CFF-B996-11DDB339E995}.Debug|Any CPU.ActiveCfg = Debug|Any CPU
		{1E14E11A-2C98-4CFF-B996-11DDB339E995}.Debug|Any CPU.Build.0 = Debug|Any CPU
		{1E14E11A-2C98-4CFF-B996-11DDB339E995}.Release|Any CPU.ActiveCfg = Release|Any CPU
		{1E14E11A-2C98-4CFF-B996-11DDB339E995}.Release|Any CPU.Build.0 = Release|Any CPU
		{08EAB399-19B7-45B6-9333-B734AB582639}.Debug|Any CPU.ActiveCfg = Debug|Any CPU
		{08EAB399-19B7-45B6-9333-B734AB582639}.Debug|Any CPU.Build.0 = Debug|Any CPU
		{08EAB399-19B7-45B6-9333-B734AB582639}.Release|Any CPU.ActiveCfg = Release|Any CPU
		{08EAB399-19B7-45B6-9333-B734AB582639}.Release|Any CPU.Build.0 = Release|Any CPU
		{AB6C6AAE-BF61-4644-8234-7F29423F5DDE}.Debug|Any CPU.ActiveCfg = Debug|Any CPU
		{AB6C6AAE-BF61-4644-8234-7F29423F5DDE}.Debug|Any CPU.Build.0 = Debug|Any CPU
		{AB6C6AAE-BF61-4644-8234-7F29423F5DDE}.Release|Any CPU.ActiveCfg = Release|Any CPU
		{AB6C6AAE-BF61-4644-8234-7F29423F5DDE}.Release|Any CPU.Build.0 = Release|Any CPU
		{9B74DB03-89CC-43F8-82FA-29D906BEBBEB}.Debug|Any CPU.ActiveCfg = Debug|Any CPU
		{9B74DB03-89CC-43F8-82FA-29D906BEBBEB}.Debug|Any CPU.Build.0 = Debug|Any CPU
		{9B74DB03-89CC-43F8-82FA-29D906BEBBEB}.Release|Any CPU.ActiveCfg = Release|Any CPU
		{9B74DB03-89CC-43F8-82FA-29D906BEBBEB}.Release|Any CPU.Build.0 = Release|Any CPU
		{1151AA48-12E7-4428-AAD4-06EBF2E48BB7}.Debug|Any CPU.ActiveCfg = Debug|Any CPU
		{1151AA48-12E7-4428-AAD4-06EBF2E48BB7}.Debug|Any CPU.Build.0 = Debug|Any CPU
		{1151AA48-12E7-4428-AAD4-06EBF2E48BB7}.Release|Any CPU.ActiveCfg = Release|Any CPU
		{1151AA48-12E7-4428-AAD4-06EBF2E48BB7}.Release|Any CPU.Build.0 = Release|Any CPU
		{4334AF99-0F1F-4789-BC6E-7B8DBE081E3C}.Debug|Any CPU.ActiveCfg = Debug|Any CPU
		{4334AF99-0F1F-4789-BC6E-7B8DBE081E3C}.Debug|Any CPU.Build.0 = Debug|Any CPU
		{4334AF99-0F1F-4789-BC6E-7B8DBE081E3C}.Release|Any CPU.ActiveCfg = Release|Any CPU
		{4334AF99-0F1F-4789-BC6E-7B8DBE081E3C}.Release|Any CPU.Build.0 = Release|Any CPU
		{61B2377A-3DDA-405D-B19D-C2C78E9498F6}.Debug|Any CPU.ActiveCfg = Debug|Any CPU
		{61B2377A-3DDA-405D-B19D-C2C78E9498F6}.Debug|Any CPU.Build.0 = Debug|Any CPU
		{61B2377A-3DDA-405D-B19D-C2C78E9498F6}.Release|Any CPU.ActiveCfg = Release|Any CPU
		{61B2377A-3DDA-405D-B19D-C2C78E9498F6}.Release|Any CPU.Build.0 = Release|Any CPU
		{CDD29551-622A-4734-BC74-2E501589D7F2}.Debug|Any CPU.ActiveCfg = Debug|Any CPU
		{CDD29551-622A-4734-BC74-2E501589D7F2}.Debug|Any CPU.Build.0 = Debug|Any CPU
		{CDD29551-622A-4734-BC74-2E501589D7F2}.Release|Any CPU.ActiveCfg = Release|Any CPU
		{CDD29551-622A-4734-BC74-2E501589D7F2}.Release|Any CPU.Build.0 = Release|Any CPU
		{06813D08-0318-498D-83C6-1BBE53EB4AC8}.Debug|Any CPU.ActiveCfg = Debug|Any CPU
		{06813D08-0318-498D-83C6-1BBE53EB4AC8}.Debug|Any CPU.Build.0 = Debug|Any CPU
		{06813D08-0318-498D-83C6-1BBE53EB4AC8}.Release|Any CPU.ActiveCfg = Release|Any CPU
		{06813D08-0318-498D-83C6-1BBE53EB4AC8}.Release|Any CPU.Build.0 = Release|Any CPU
	EndGlobalSection
	GlobalSection(SolutionProperties) = preSolution
		HideSolutionNode = FALSE
	EndGlobalSection
	GlobalSection(NestedProjects) = preSolution
		{D683FB4F-0B8D-4D5A-9E03-03196B3E53F1} = {F6380559-B916-43A5-A447-AF9EFD7EE38F}
		{B6492D4A-3EF5-48A9-873D-B079BBEB7789} = {D683FB4F-0B8D-4D5A-9E03-03196B3E53F1}
		{F98BFDC3-F937-4A42-B01B-9C74DD4C3CE4} = {D9D23D23-8045-4872-A087-3A57702D077D}
		{DF52B4BD-43FD-444C-B011-5DFF7EFC495B} = {F6380559-B916-43A5-A447-AF9EFD7EE38F}
		{1E14E11A-2C98-4CFF-B996-11DDB339E995} = {DF52B4BD-43FD-444C-B011-5DFF7EFC495B}
		{C7B7E549-9522-405E-B34C-04FBBA812ED2} = {F6380559-B916-43A5-A447-AF9EFD7EE38F}
		{08EAB399-19B7-45B6-9333-B734AB582639} = {C7B7E549-9522-405E-B34C-04FBBA812ED2}
		{1648365F-BEE0-4BA8-9A2B-F2DD15ACBE66} = {F6380559-B916-43A5-A447-AF9EFD7EE38F}
		{AB6C6AAE-BF61-4644-8234-7F29423F5DDE} = {1648365F-BEE0-4BA8-9A2B-F2DD15ACBE66}
		{9B74DB03-89CC-43F8-82FA-29D906BEBBEB} = {1648365F-BEE0-4BA8-9A2B-F2DD15ACBE66}
		{1151AA48-12E7-4428-AAD4-06EBF2E48BB7} = {1648365F-BEE0-4BA8-9A2B-F2DD15ACBE66}
		{4334AF99-0F1F-4789-BC6E-7B8DBE081E3C} = {1648365F-BEE0-4BA8-9A2B-F2DD15ACBE66}
		{61B2377A-3DDA-405D-B19D-C2C78E9498F6} = {D9D23D23-8045-4872-A087-3A57702D077D}
		{CDD29551-622A-4734-BC74-2E501589D7F2} = {72A4087A-7956-411C-B0F2-50F8D61ED796}
		{06813D08-0318-498D-83C6-1BBE53EB4AC8} = {CE2F037A-AFE2-4F41-9958-B0C0ECC18F6C}
	EndGlobalSection
	GlobalSection(ExtensibilityGlobals) = postSolution
		SolutionGuid = {B2F3F5DB-9DB4-4436-AC3F-45A169F0496C}
	EndGlobalSection
EndGlobal
